{
  "requires": true,
  "lockfileVersion": 1,
  "dependencies": {
    "@babel/runtime": {
      "version": "7.15.4",
      "resolved": "https://registry.nlark.com/@babel/runtime/download/@babel/runtime-7.15.4.tgz",
      "integrity": "sha1-/RfRa/34eObdAtGXU6OfqKjZyEo=",
      "requires": {
        "regenerator-runtime": "^0.13.4"
      }
    },
    "@emotion/cache": {
      "version": "11.5.0",
      "resolved": "https://registry.npmmirror.com/@emotion/cache/download/@emotion/cache-11.5.0.tgz",
      "integrity": "sha1-pet4y++BY5Oe40Xj3fCvIXuEXmI=",
      "requires": {
        "@emotion/memoize": "^0.7.4",
        "@emotion/sheet": "^1.0.3",
        "@emotion/utils": "^1.0.0",
        "@emotion/weak-memoize": "^0.2.5",
        "stylis": "^4.0.10"
      }
    },
    "@emotion/is-prop-valid": {
      "version": "1.1.0",
      "resolved": "https://registry.npmmirror.com/@emotion/is-prop-valid/download/@emotion/is-prop-valid-1.1.0.tgz",
      "integrity": "sha1-Ke9r4elG+0c5+XB974YPMW9mjN4=",
      "requires": {
        "@emotion/memoize": "^0.7.4"
      }
    },
    "@emotion/memoize": {
      "version": "0.7.5",
      "resolved": "https://registry.npmmirror.com/@emotion/memoize/download/@emotion/memoize-0.7.5.tgz",
      "integrity": "sha1-LED4FEmk5VTp/GOWkQ7UhD7CvlA="
    },
    "@emotion/sheet": {
      "version": "1.0.3",
      "resolved": "https://registry.npmmirror.com/@emotion/sheet/download/@emotion/sheet-1.0.3.tgz",
      "integrity": "sha1-AMMmzXmFxcy4/iwbWSiGV53Pq48="
    },
    "@emotion/utils": {
      "version": "1.0.0",
      "resolved": "https://registry.npmmirror.com/@emotion/utils/download/@emotion/utils-1.0.0.tgz",
      "integrity": "sha1-q+BqgxYLEFcIFskTmQJFgTov1q8="
    },
    "@emotion/weak-memoize": {
      "version": "0.2.5",
      "resolved": "https://registry.npmmirror.com/@emotion/weak-memoize/download/@emotion/weak-memoize-0.2.5.tgz",
      "integrity": "sha1-ju2YLi7m9/TkTCU+EpYpgHke/UY="
    },
    "@material-ui/core": {
      "version": "5.0.0-beta.5",
      "resolved": "https://registry.npmmirror.com/@material-ui/core/download/@material-ui/core-5.0.0-beta.5.tgz",
      "integrity": "sha1-bucX1OwCso1zf7S+QtvDs0XczHw=",
      "requires": {
        "@babel/runtime": "^7.14.8",
        "@material-ui/system": "5.0.0-beta.5",
        "@material-ui/types": "6.0.2",
        "@material-ui/unstyled": "5.0.0-alpha.44",
        "@material-ui/utils": "5.0.0-beta.5",
        "@popperjs/core": "^2.4.4",
        "@types/react-transition-group": "^4.2.0",
        "clsx": "^1.0.4",
        "csstype": "^3.0.2",
        "hoist-non-react-statics": "^3.3.2",
        "prop-types": "^15.7.2",
        "react-is": "^17.0.2",
        "react-transition-group": "^4.4.0"
      }
    },
    "@material-ui/icons": {
      "version": "5.0.0-beta.5",
      "resolved": "https://registry.npmmirror.com/@material-ui/icons/download/@material-ui/icons-5.0.0-beta.5.tgz",
      "integrity": "sha1-VClbmqEgkQyIkA49CAgresvrc8A=",
      "requires": {
        "@babel/runtime": "^7.14.8"
      }
    },
    "@material-ui/private-theming": {
      "version": "5.0.0-beta.5",
      "resolved": "https://registry.npmmirror.com/@material-ui/private-theming/download/@material-ui/private-theming-5.0.0-beta.5.tgz",
      "integrity": "sha1-uBaL0Vpgmni/QR5a+sLzi1E7Xxg=",
      "requires": {
        "@babel/runtime": "^7.14.8",
        "@material-ui/utils": "5.0.0-beta.5",
        "prop-types": "^15.7.2"
      }
    },
    "@material-ui/styled-engine": {
      "version": "5.0.0-beta.5",
      "resolved": "https://registry.npmmirror.com/@material-ui/styled-engine/download/@material-ui/styled-engine-5.0.0-beta.5.tgz",
      "integrity": "sha1-2EJExtaWg9BK+0GWgQYmQAcegB0=",
      "requires": {
        "@babel/runtime": "^7.14.8",
        "@emotion/cache": "^11.4.0",
        "prop-types": "^15.7.2"
      }
    },
    "@material-ui/system": {
      "version": "5.0.0-beta.5",
      "resolved": "https://registry.npmmirror.com/@material-ui/system/download/@material-ui/system-5.0.0-beta.5.tgz",
      "integrity": "sha1-X4KMrhdfPq8L8rcfHHbUIbRKtes=",
      "requires": {
        "@babel/runtime": "^7.14.8",
        "@material-ui/private-theming": "5.0.0-beta.5",
        "@material-ui/styled-engine": "5.0.0-beta.5",
        "@material-ui/types": "6.0.2",
        "@material-ui/utils": "5.0.0-beta.5",
        "clsx": "^1.0.4",
        "csstype": "^3.0.2",
        "prop-types": "^15.7.2"
      }
    },
    "@material-ui/types": {
      "version": "6.0.2",
      "resolved": "https://registry.npmmirror.com/@material-ui/types/download/@material-ui/types-6.0.2.tgz",
      "integrity": "sha1-ptOEGWxuLhMOsnZbYtlEwLHqEBU="
    },
    "@material-ui/unstyled": {
      "version": "5.0.0-alpha.44",
      "resolved": "https://registry.npmmirror.com/@material-ui/unstyled/download/@material-ui/unstyled-5.0.0-alpha.44.tgz",
      "integrity": "sha1-u23/Qa5zoYpKNJ0FWNd2KE1ULYk=",
      "requires": {
        "@babel/runtime": "^7.14.8",
        "@emotion/is-prop-valid": "^1.1.0",
        "@material-ui/utils": "5.0.0-beta.5",
        "clsx": "^1.0.4",
        "prop-types": "^15.7.2",
        "react-is": "^17.0.2"
      }
    },
    "@material-ui/utils": {
      "version": "5.0.0-beta.5",
      "resolved": "https://registry.npmmirror.com/@material-ui/utils/download/@material-ui/utils-5.0.0-beta.5.tgz",
      "integrity": "sha1-3kkgN+Hx8JEP2jLm8Rtm383iocI=",
      "requires": {
        "@babel/runtime": "^7.14.8",
        "@types/prop-types": "^15.7.4",
        "@types/react-is": "^16.7.1 || ^17.0.0",
        "prop-types": "^15.7.2",
        "react-is": "^17.0.2"
      }
    },
    "@popperjs/core": {
      "version": "2.10.2",
      "resolved": "https://registry.npmmirror.com/@popperjs/core/download/@popperjs/core-2.10.2.tgz",
      "integrity": "sha1-B5jAM1Hw3qGlpMq93yalWny+5ZA="
    },
    "@types/prop-types": {
      "version": "15.7.4",
      "resolved": "https://registry.nlark.com/@types/prop-types/download/@types/prop-types-15.7.4.tgz",
      "integrity": "sha1-/PcgXCXf95Xuea8eMNosl5CAjxE="
    },
    "@types/react": {
      "version": "17.0.32",
      "resolved": "https://registry.npmmirror.com/@types/react/download/@types/react-17.0.32.tgz",
      "integrity": "sha1-iaFhKGu+IyXU1RZCCic2SjJJCfQ=",
      "requires": {
        "@types/prop-types": "*",
        "@types/scheduler": "*",
        "csstype": "^3.0.2"
      }
    },
    "@types/react-is": {
      "version": "17.0.3",
      "resolved": "https://registry.npmmirror.com/@types/react-is/download/@types/react-is-17.0.3.tgz",
      "integrity": "sha1-LYVbpXXy/I0X75hh8ISsxLkKE3o=",
      "requires": {
        "@types/react": "*"
      }
    },
    "@types/react-transition-group": {
      "version": "4.4.4",
      "resolved": "https://registry.npmmirror.com/@types/react-transition-group/download/@types/react-transition-group-4.4.4.tgz",
      "integrity": "sha1-rNTM6qK+a3V9th7XtDLhAyQtFj4=",
      "requires": {
        "@types/react": "*"
      }
    },
    "@types/scheduler": {
      "version": "0.16.2",
      "resolved": "https://registry.nlark.com/@types/scheduler/download/@types/scheduler-0.16.2.tgz",
      "integrity": "sha1-GmL4lSVyPd4kuhsBsJK/XfitTTk="
    },
    "clsx": {
      "version": "1.1.1",
      "resolved": "https://registry.nlark.com/clsx/download/clsx-1.1.1.tgz",
      "integrity": "sha1-mLMTT5q73yOyZjSRrOE8XAOnMYg="
    },
    "csstype": {
      "version": "3.0.9",
      "resolved": "https://registry.nlark.com/csstype/download/csstype-3.0.9.tgz",
      "integrity": "sha1-ZBCvMbJr0FIJM9AsvGT86c4/vws="
    },
    "dom-helpers": {
      "version": "5.2.1",
      "resolved": "https://registry.nlark.com/dom-helpers/download/dom-helpers-5.2.1.tgz",
      "integrity": "sha1-2UAFNrK/giWtmP4FLgKUUaxA6QI=",
      "requires": {
        "@babel/runtime": "^7.8.7",
        "csstype": "^3.0.2"
      }
    },
    "hoist-non-react-statics": {
      "version": "3.3.2",
      "resolved": "https://registry.nlark.com/hoist-non-react-statics/download/hoist-non-react-statics-3.3.2.tgz",
      "integrity": "sha1-7OCsr3HWLClpwuxZ/v9CpLGoW0U=",
      "requires": {
        "react-is": "^16.7.0"
      },
      "dependencies": {
        "react-is": {
          "version": "16.13.1",
          "resolved": "https://registry.npmmirror.com/react-is/download/react-is-16.13.1.tgz",
          "integrity": "sha1-eJcppNw23imZ3BVt1sHZwYzqVqQ="
        }
      }
    },
    "js-tokens": {
      "version": "4.0.0",
      "resolved": "https://registry.nlark.com/js-tokens/download/js-tokens-4.0.0.tgz?cache=0&sync_timestamp=1619345016391&other_urls=https%3A%2F%2Fregistry.nlark.com%2Fjs-tokens%2Fdownload%2Fjs-tokens-4.0.0.tgz",
      "integrity": "sha1-GSA/tZmR35jjoocFDUZHzerzJJk="
    },
    "loose-envify": {
      "version": "1.4.0",
      "resolved": "https://registry.nlark.com/loose-envify/download/loose-envify-1.4.0.tgz",
      "integrity": "sha1-ce5R+nvkyuwaY4OffmgtgTLTDK8=",
      "requires": {
        "js-tokens": "^3.0.0 || ^4.0.0"
      }
    },
    "object-assign": {
      "version": "4.1.1",
      "resolved": "https://registry.nlark.com/object-assign/download/object-assign-4.1.1.tgz",
      "integrity": "sha1-IQmtx5ZYh8/AXLvUQsrIv7s2CGM="
    },
    "prop-types": {
      "version": "15.7.2",
      "resolved": "https://registry.nlark.com/prop-types/download/prop-types-15.7.2.tgz?cache=0&sync_timestamp=1618760877401&other_urls=https%3A%2F%2Fregistry.nlark.com%2Fprop-types%2Fdownload%2Fprop-types-15.7.2.tgz",
      "integrity": "sha1-UsQedbjIfnK52TYOAga5ncv/psU=",
      "requires": {
        "loose-envify": "^1.4.0",
        "object-assign": "^4.1.1",
        "react-is": "^16.8.1"
      },
      "dependencies": {
        "react-is": {
          "version": "16.13.1",
          "resolved": "https://registry.npmmirror.com/react-is/download/react-is-16.13.1.tgz",
          "integrity": "sha1-eJcppNw23imZ3BVt1sHZwYzqVqQ="
        }
      }
    },
    "react-is": {
      "version": "17.0.2",
      "resolved": "https://registry.npmmirror.com/react-is/download/react-is-17.0.2.tgz",
      "integrity": "sha1-5pHUqOnHiTZWVVOas3J2Kw77VPA="
    },
    "react-transition-group": {
      "version": "4.4.2",
      "resolved": "https://registry.nlark.com/react-transition-group/download/react-transition-group-4.4.2.tgz",
      "integrity": "sha1-i1mlbwnO17VcvVPDZ2i5IokNVHA=",
      "requires": {
        "@babel/runtime": "^7.5.5",
        "dom-helpers": "^5.0.1",
        "loose-envify": "^1.4.0",
        "prop-types": "^15.6.2"
      }
    },
    "regenerator-runtime": {
      "version": "0.13.9",
      "resolved": "https://registry.nlark.com/regenerator-runtime/download/regenerator-runtime-0.13.9.tgz?cache=0&sync_timestamp=1626994846308&other_urls=https%3A%2F%2Fregistry.nlark.com%2Fregenerator-runtime%2Fdownload%2Fregenerator-runtime-0.13.9.tgz",
      "integrity": "sha1-iSV0Kpj/2QgUmI11Zq0wyjsmO1I="
    },
    "stylis": {
      "version": "4.0.10",
      "resolved": "https://registry.nlark.com/stylis/download/stylis-4.0.10.tgz",
      "integrity": "sha1-RGUS0Qlxl6s/Avs8JYNYw/ehQkA="
    }
  }
}
