{
  "requires": true,
  "lockfileVersion": 1,
  "dependencies": {
    "@babel/runtime": {
      "version": "7.0.0",
      "resolved": "https://registry.npmmirror.com/@babel/runtime/download/@babel/runtime-7.0.0.tgz",
      "integrity": "sha1-ret4/t/IVaoFvAQWQPP2+Y6FQkw=",
      "requires": {
        "regenerator-runtime": "^0.12.0"
      }
    },
    "js-tokens": {
      "version": "4.0.0",
      "resolved": "https://registry.nlark.com/js-tokens/download/js-tokens-4.0.0.tgz?cache=0&sync_timestamp=1619345016391&other_urls=https%3A%2F%2Fregistry.nlark.com%2Fjs-tokens%2Fdownload%2Fjs-tokens-4.0.0.tgz",
      "integrity": "sha1-GSA/tZmR35jjoocFDUZHzerzJJk="
    },
    "keycode": {
      "version": "2.2.0",
      "resolved": "https://registry.nlark.com/keycode/download/keycode-2.2.0.tgz",
      "integrity": "sha1-PQr1bce4uOXLqNCpfxByBO7CKwQ="
    },
    "loose-envify": {
      "version": "1.4.0",
      "resolved": "https://registry.nlark.com/loose-envify/download/loose-envify-1.4.0.tgz",
      "integrity": "sha1-ce5R+nvkyuwaY4OffmgtgTLTDK8=",
      "requires": {
        "js-tokens": "^3.0.0 || ^4.0.0"
      }
    },
    "object-assign": {
      "version": "4.1.1",
      "resolved": "https://registry.nlark.com/object-assign/download/object-assign-4.1.1.tgz",
      "integrity": "sha1-IQmtx5ZYh8/AXLvUQsrIv7s2CGM="
    },
    "prop-types": {
      "version": "15.7.2",
      "resolved": "https://registry.nlark.com/prop-types/download/prop-types-15.7.2.tgz?cache=0&sync_timestamp=1618760877401&other_urls=https%3A%2F%2Fregistry.nlark.com%2Fprop-types%2Fdownload%2Fprop-types-15.7.2.tgz",
      "integrity": "sha1-UsQedbjIfnK52TYOAga5ncv/psU=",
      "requires": {
        "loose-envify": "^1.4.0",
        "object-assign": "^4.1.1",
        "react-is": "^16.8.1"
      }
    },
    "react-event-listener": {
      "version": "0.6.6",
      "resolved": "https://registry.nlark.com/react-event-listener/download/react-event-listener-0.6.6.tgz",
      "integrity": "sha1-dY97mRytkIbdOf0p+tchJ+HYlio=",
      "requires": {
        "@babel/runtime": "^7.2.0",
        "prop-types": "^15.6.0",
        "warning": "^4.0.1"
      },
      "dependencies": {
        "@babel/runtime": {
          "version": "7.16.0",
          "resolved": "https://registry.npmmirror.com/@babel/runtime/download/@babel/runtime-7.16.0.tgz",
          "integrity": "sha1-4nuXfy4giLokdIv5m14d7OZOTws=",
          "requires": {
            "regenerator-runtime": "^0.13.4"
          }
        },
        "regenerator-runtime": {
          "version": "0.13.9",
          "resolved": "https://registry.nlark.com/regenerator-runtime/download/regenerator-runtime-0.13.9.tgz?cache=0&sync_timestamp=1626994846308&other_urls=https%3A%2F%2Fregistry.nlark.com%2Fregenerator-runtime%2Fdownload%2Fregenerator-runtime-0.13.9.tgz",
          "integrity": "sha1-iSV0Kpj/2QgUmI11Zq0wyjsmO1I="
        }
      }
    },
    "react-is": {
      "version": "16.13.1",
      "resolved": "https://registry.npmmirror.com/react-is/download/react-is-16.13.1.tgz?cache=0&sync_timestamp=1636388681459&other_urls=https%3A%2F%2Fregistry.npmmirror.com%2Freact-is%2Fdownload%2Freact-is-16.13.1.tgz",
      "integrity": "sha1-eJcppNw23imZ3BVt1sHZwYzqVqQ="
    },
    "react-swipeable-views": {
      "version": "0.14.0",
      "resolved": "https://registry.nlark.com/react-swipeable-views/download/react-swipeable-views-0.14.0.tgz",
      "integrity": "sha1-FJwN89kiIMyJ4/bVwEp43+Rvm1Q=",
      "requires": {
        "@babel/runtime": "7.0.0",
        "prop-types": "^15.5.4",
        "react-swipeable-views-core": "^0.14.0",
        "react-swipeable-views-utils": "^0.14.0",
        "warning": "^4.0.1"
      }
    },
    "react-swipeable-views-core": {
      "version": "0.14.0",
      "resolved": "https://registry.nlark.com/react-swipeable-views-core/download/react-swipeable-views-core-0.14.0.tgz",
      "integrity": "sha1-asRDp8x7xeoCL71UkpK7X/82HM4=",
      "requires": {
        "@babel/runtime": "7.0.0",
        "warning": "^4.0.1"
      }
    },
    "react-swipeable-views-utils": {
      "version": "0.14.0",
      "resolved": "https://registry.nlark.com/react-swipeable-views-utils/download/react-swipeable-views-utils-0.14.0.tgz",
      "integrity": "sha1-a3biUZBnR0gnMMIgAv5HqxAUujI=",
      "requires": {
        "@babel/runtime": "7.0.0",
        "keycode": "^2.1.7",
        "prop-types": "^15.6.0",
        "react-event-listener": "^0.6.0",
        "react-swipeable-views-core": "^0.14.0",
        "shallow-equal": "^1.2.1"
      }
    },
    "regenerator-runtime": {
      "version": "0.12.1",
      "resolved": "https://registry.nlark.com/regenerator-runtime/download/regenerator-runtime-0.12.1.tgz?cache=0&sync_timestamp=1626994846308&other_urls=https%3A%2F%2Fregistry.nlark.com%2Fregenerator-runtime%2Fdownload%2Fregenerator-runtime-0.12.1.tgz",
      "integrity": "sha1-+hpxVEdkwDb4xJsToIsllMn4oN4="
    },
    "shallow-equal": {
      "version": "1.2.1",
      "resolved": "https://registry.nlark.com/shallow-equal/download/shallow-equal-1.2.1.tgz",
      "integrity": "sha1-TBar+lYEOqINBQMk76aJQLDaedo="
    },
    "warning": {
      "version": "4.0.3",
      "resolved": "https://registry.nlark.com/warning/download/warning-4.0.3.tgz",
      "integrity": "sha1-Fungd+uKhtavfWSqHgX9hbRnjKM=",
      "requires": {
        "loose-envify": "^1.0.0"
      }
    }
  }
}
